// !$*UTF8*$!
{
	archiveVersion = 1;
	classes = {
	};
	objectVersion = 50;
	objects = {

/* Begin PBXBuildFile section */
		2CC7BBB24C56AE07C14593CA /* Pods_school.framework in Frameworks */ = {isa = PBXBuildFile; fileRef = 9C9E382CFC49DA162B85217C /* Pods_school.framework */; };
		840DB06420B7580800A4AD84 /* AppDelegate.swift in Sources */ = {isa = PBXBuildFile; fileRef = 840DB06320B7580800A4AD84 /* AppDelegate.swift */; };
		840DB06620B7580800A4AD84 /* LoginController.swift in Sources */ = {isa = PBXBuildFile; fileRef = 840DB06520B7580800A4AD84 /* LoginController.swift */; };
		840DB06920B7580800A4AD84 /* Main.storyboard in Resources */ = {isa = PBXBuildFile; fileRef = 840DB06720B7580800A4AD84 /* Main.storyboard */; };
		840DB06B20B7581000A4AD84 /* Assets.xcassets in Resources */ = {isa = PBXBuildFile; fileRef = 840DB06A20B7581000A4AD84 /* Assets.xcassets */; };
		840DB06E20B7581000A4AD84 /* LaunchScreen.storyboard in Resources */ = {isa = PBXBuildFile; fileRef = 840DB06C20B7581000A4AD84 /* LaunchScreen.storyboard */; };
		840DB07920B7581000A4AD84 /* schoolTests.swift in Sources */ = {isa = PBXBuildFile; fileRef = 840DB07820B7581000A4AD84 /* schoolTests.swift */; };
		840DB08420B7581000A4AD84 /* schoolUITests.swift in Sources */ = {isa = PBXBuildFile; fileRef = 840DB08320B7581000A4AD84 /* schoolUITests.swift */; };
		845B7AB620B7F114003E8A8B /* CreateUserController.swift in Sources */ = {isa = PBXBuildFile; fileRef = 845B7AB520B7F114003E8A8B /* CreateUserController.swift */; };
		849F235D20B8588B0044BB64 /* Pincipal.storyboard in Resources */ = {isa = PBXBuildFile; fileRef = 849F235C20B8588B0044BB64 /* Pincipal.storyboard */; };
		849F235F20B864860044BB64 /* TeachersCell.swift in Sources */ = {isa = PBXBuildFile; fileRef = 849F235E20B864860044BB64 /* TeachersCell.swift */; };
		849F236120B8664D0044BB64 /* TeacherController.swift in Sources */ = {isa = PBXBuildFile; fileRef = 849F236020B8664D0044BB64 /* TeacherController.swift */; };
		849F236320B867150044BB64 /* Teacher.swift in Sources */ = {isa = PBXBuildFile; fileRef = 849F236220B867150044BB64 /* Teacher.swift */; };
		849F236620B868320044BB64 /* DataTeacher.swift in Sources */ = {isa = PBXBuildFile; fileRef = 849F236520B868320044BB64 /* DataTeacher.swift */; };
		849F236920B869F80044BB64 /* TeacherListViewModel.swift in Sources */ = {isa = PBXBuildFile; fileRef = 849F236820B869F80044BB64 /* TeacherListViewModel.swift */; };
		849F236B20B86A250044BB64 /* TeacherViewModel.swift in Sources */ = {isa = PBXBuildFile; fileRef = 849F236A20B86A250044BB64 /* TeacherViewModel.swift */; };
		849F236D20B896840044BB64 /* UIViewUtil.swift in Sources */ = {isa = PBXBuildFile; fileRef = 849F236C20B896840044BB64 /* UIViewUtil.swift */; };
		849F237520B8A4A20044BB64 /* UIAlertUtil.swift in Sources */ = {isa = PBXBuildFile; fileRef = 849F237420B8A4A20044BB64 /* UIAlertUtil.swift */; };
		849F237820B8AC220044BB64 /* SettingsController.swift in Sources */ = {isa = PBXBuildFile; fileRef = 849F237720B8AC220044BB64 /* SettingsController.swift */; };
		BB9E05A1E56AAAD9E2B39D21 /* Pods_schoolUITests.framework in Frameworks */ = {isa = PBXBuildFile; fileRef = D29A9CC44B12A7BB011BD1DA /* Pods_schoolUITests.framework */; };
		BD344A24E49D8A62171E5876 /* Pods_schoolTests.framework in Frameworks */ = {isa = PBXBuildFile; fileRef = B7B81209635DB0CACBD2F230 /* Pods_schoolTests.framework */; };
/* End PBXBuildFile section */

/* Begin PBXContainerItemProxy section */
		840DB07520B7581000A4AD84 /* PBXContainerItemProxy */ = {
			isa = PBXContainerItemProxy;
			containerPortal = 840DB05820B7580800A4AD84 /* Project object */;
			proxyType = 1;
			remoteGlobalIDString = 840DB05F20B7580800A4AD84;
			remoteInfo = school;
		};
		840DB08020B7581000A4AD84 /* PBXContainerItemProxy */ = {
			isa = PBXContainerItemProxy;
			containerPortal = 840DB05820B7580800A4AD84 /* Project object */;
			proxyType = 1;
			remoteGlobalIDString = 840DB05F20B7580800A4AD84;
			remoteInfo = school;
		};
/* End PBXContainerItemProxy section */

/* Begin PBXFileReference section */
		2BDFB5FA268ACD42674654A6 /* Pods-schoolUITests.release.xcconfig */ = {isa = PBXFileReference; includeInIndex = 1; lastKnownFileType = text.xcconfig; name = "Pods-schoolUITests.release.xcconfig"; path = "Pods/Target Support Files/Pods-schoolUITests/Pods-schoolUITests.release.xcconfig"; sourceTree = "<group>"; };
		414D215897336D91DC3617F7 /* Pods-schoolUITests.debug.xcconfig */ = {isa = PBXFileReference; includeInIndex = 1; lastKnownFileType = text.xcconfig; name = "Pods-schoolUITests.debug.xcconfig"; path = "Pods/Target Support Files/Pods-schoolUITests/Pods-schoolUITests.debug.xcconfig"; sourceTree = "<group>"; };
		5D4D7E942637D42191499B44 /* Pods-school.release.xcconfig */ = {isa = PBXFileReference; includeInIndex = 1; lastKnownFileType = text.xcconfig; name = "Pods-school.release.xcconfig"; path = "Pods/Target Support Files/Pods-school/Pods-school.release.xcconfig"; sourceTree = "<group>"; };
		6FBBB96B4EE3889F61B57815 /* Pods-schoolTests.release.xcconfig */ = {isa = PBXFileReference; includeInIndex = 1; lastKnownFileType = text.xcconfig; name = "Pods-schoolTests.release.xcconfig"; path = "Pods/Target Support Files/Pods-schoolTests/Pods-schoolTests.release.xcconfig"; sourceTree = "<group>"; };
		840DB06020B7580800A4AD84 /* school.app */ = {isa = PBXFileReference; explicitFileType = wrapper.application; includeInIndex = 0; path = school.app; sourceTree = BUILT_PRODUCTS_DIR; };
		840DB06320B7580800A4AD84 /* AppDelegate.swift */ = {isa = PBXFileReference; lastKnownFileType = sourcecode.swift; path = AppDelegate.swift; sourceTree = "<group>"; };
		840DB06520B7580800A4AD84 /* LoginController.swift */ = {isa = PBXFileReference; lastKnownFileType = sourcecode.swift; path = LoginController.swift; sourceTree = "<group>"; };
		840DB06820B7580800A4AD84 /* Base */ = {isa = PBXFileReference; lastKnownFileType = file.storyboard; name = Base; path = Base.lproj/Main.storyboard; sourceTree = "<group>"; };
		840DB06A20B7581000A4AD84 /* Assets.xcassets */ = {isa = PBXFileReference; lastKnownFileType = folder.assetcatalog; path = Assets.xcassets; sourceTree = "<group>"; };
		840DB06D20B7581000A4AD84 /* Base */ = {isa = PBXFileReference; lastKnownFileType = file.storyboard; name = Base; path = Base.lproj/LaunchScreen.storyboard; sourceTree = "<group>"; };
		840DB06F20B7581000A4AD84 /* Info.plist */ = {isa = PBXFileReference; lastKnownFileType = text.plist.xml; path = Info.plist; sourceTree = "<group>"; };
		840DB07420B7581000A4AD84 /* schoolTests.xctest */ = {isa = PBXFileReference; explicitFileType = wrapper.cfbundle; includeInIndex = 0; path = schoolTests.xctest; sourceTree = BUILT_PRODUCTS_DIR; };
		840DB07820B7581000A4AD84 /* schoolTests.swift */ = {isa = PBXFileReference; lastKnownFileType = sourcecode.swift; path = schoolTests.swift; sourceTree = "<group>"; };
		840DB07A20B7581000A4AD84 /* Info.plist */ = {isa = PBXFileReference; lastKnownFileType = text.plist.xml; path = Info.plist; sourceTree = "<group>"; };
		840DB07F20B7581000A4AD84 /* schoolUITests.xctest */ = {isa = PBXFileReference; explicitFileType = wrapper.cfbundle; includeInIndex = 0; path = schoolUITests.xctest; sourceTree = BUILT_PRODUCTS_DIR; };
		840DB08320B7581000A4AD84 /* schoolUITests.swift */ = {isa = PBXFileReference; lastKnownFileType = sourcecode.swift; path = schoolUITests.swift; sourceTree = "<group>"; };
		840DB08520B7581000A4AD84 /* Info.plist */ = {isa = PBXFileReference; lastKnownFileType = text.plist.xml; path = Info.plist; sourceTree = "<group>"; };
		845B7AB520B7F114003E8A8B /* CreateUserController.swift */ = {isa = PBXFileReference; lastKnownFileType = sourcecode.swift; path = CreateUserController.swift; sourceTree = "<group>"; };
		849F235C20B8588B0044BB64 /* Pincipal.storyboard */ = {isa = PBXFileReference; lastKnownFileType = file.storyboard; path = Pincipal.storyboard; sourceTree = "<group>"; };
		849F235E20B864860044BB64 /* TeachersCell.swift */ = {isa = PBXFileReference; lastKnownFileType = sourcecode.swift; path = TeachersCell.swift; sourceTree = "<group>"; };
		849F236020B8664D0044BB64 /* TeacherController.swift */ = {isa = PBXFileReference; lastKnownFileType = sourcecode.swift; path = TeacherController.swift; sourceTree = "<group>"; };
		849F236220B867150044BB64 /* Teacher.swift */ = {isa = PBXFileReference; lastKnownFileType = sourcecode.swift; path = Teacher.swift; sourceTree = "<group>"; };
		849F236520B868320044BB64 /* DataTeacher.swift */ = {isa = PBXFileReference; lastKnownFileType = sourcecode.swift; path = DataTeacher.swift; sourceTree = "<group>"; };
		849F236820B869F80044BB64 /* TeacherListViewModel.swift */ = {isa = PBXFileReference; lastKnownFileType = sourcecode.swift; path = TeacherListViewModel.swift; sourceTree = "<group>"; };
		849F236A20B86A250044BB64 /* TeacherViewModel.swift */ = {isa = PBXFileReference; lastKnownFileType = sourcecode.swift; path = TeacherViewModel.swift; sourceTree = "<group>"; };
		849F236C20B896840044BB64 /* UIViewUtil.swift */ = {isa = PBXFileReference; lastKnownFileType = sourcecode.swift; path = UIViewUtil.swift; sourceTree = "<group>"; };
		849F237420B8A4A20044BB64 /* UIAlertUtil.swift */ = {isa = PBXFileReference; lastKnownFileType = sourcecode.swift; path = UIAlertUtil.swift; sourceTree = "<group>"; };
		849F237720B8AC220044BB64 /* SettingsController.swift */ = {isa = PBXFileReference; lastKnownFileType = sourcecode.swift; path = SettingsController.swift; sourceTree = "<group>"; };
		8625E287EABEA963D2586D5F /* Pods-schoolTests.debug.xcconfig */ = {isa = PBXFileReference; includeInIndex = 1; lastKnownFileType = text.xcconfig; name = "Pods-schoolTests.debug.xcconfig"; path = "Pods/Target Support Files/Pods-schoolTests/Pods-schoolTests.debug.xcconfig"; sourceTree = "<group>"; };
		9C9E382CFC49DA162B85217C /* Pods_school.framework */ = {isa = PBXFileReference; explicitFileType = wrapper.framework; includeInIndex = 0; path = Pods_school.framework; sourceTree = BUILT_PRODUCTS_DIR; };
		B7B81209635DB0CACBD2F230 /* Pods_schoolTests.framework */ = {isa = PBXFileReference; explicitFileType = wrapper.framework; includeInIndex = 0; path = Pods_schoolTests.framework; sourceTree = BUILT_PRODUCTS_DIR; };
		D29A9CC44B12A7BB011BD1DA /* Pods_schoolUITests.framework */ = {isa = PBXFileReference; explicitFileType = wrapper.framework; includeInIndex = 0; path = Pods_schoolUITests.framework; sourceTree = BUILT_PRODUCTS_DIR; };
		E0E6DFDF2B7FADF9313E782D /* Pods-school.debug.xcconfig */ = {isa = PBXFileReference; includeInIndex = 1; lastKnownFileType = text.xcconfig; name = "Pods-school.debug.xcconfig"; path = "Pods/Target Support Files/Pods-school/Pods-school.debug.xcconfig"; sourceTree = "<group>"; };
/* End PBXFileReference section */

/* Begin PBXFrameworksBuildPhase section */
		840DB05D20B7580800A4AD84 /* Frameworks */ = {
			isa = PBXFrameworksBuildPhase;
			buildActionMask = 2147483647;
			files = (
				2CC7BBB24C56AE07C14593CA /* Pods_school.framework in Frameworks */,
			);
			runOnlyForDeploymentPostprocessing = 0;
		};
		840DB07120B7581000A4AD84 /* Frameworks */ = {
			isa = PBXFrameworksBuildPhase;
			buildActionMask = 2147483647;
			files = (
				BD344A24E49D8A62171E5876 /* Pods_schoolTests.framework in Frameworks */,
			);
			runOnlyForDeploymentPostprocessing = 0;
		};
		840DB07C20B7581000A4AD84 /* Frameworks */ = {
			isa = PBXFrameworksBuildPhase;
			buildActionMask = 2147483647;
			files = (
				BB9E05A1E56AAAD9E2B39D21 /* Pods_schoolUITests.framework in Frameworks */,
			);
			runOnlyForDeploymentPostprocessing = 0;
		};
/* End PBXFrameworksBuildPhase section */

/* Begin PBXGroup section */
		840DB05720B7580800A4AD84 = {
			isa = PBXGroup;
			children = (
				840DB06220B7580800A4AD84 /* school */,
				840DB07720B7581000A4AD84 /* schoolTests */,
				840DB08220B7581000A4AD84 /* schoolUITests */,
				840DB06120B7580800A4AD84 /* Products */,
				EC93C53C05BD8EF2A4CA3285 /* Pods */,
				95CABC560F1D61ADD0206D4B /* Frameworks */,
			);
			sourceTree = "<group>";
		};
		840DB06120B7580800A4AD84 /* Products */ = {
			isa = PBXGroup;
			children = (
				840DB06020B7580800A4AD84 /* school.app */,
				840DB07420B7581000A4AD84 /* schoolTests.xctest */,
				840DB07F20B7581000A4AD84 /* schoolUITests.xctest */,
			);
			name = Products;
			sourceTree = "<group>";
		};
		840DB06220B7580800A4AD84 /* school */ = {
			isa = PBXGroup;
			children = (
				849F237320B8A48C0044BB64 /* Utils */,
				849F236420B867F40044BB64 /* Model */,
				845B7AB720B7FA1F003E8A8B /* View */,
				849F236720B869D80044BB64 /* ViewModel */,
				849F235C20B8588B0044BB64 /* Pincipal.storyboard */,
				840DB06720B7580800A4AD84 /* Main.storyboard */,
				840DB06320B7580800A4AD84 /* AppDelegate.swift */,
				840DB06A20B7581000A4AD84 /* Assets.xcassets */,
				840DB06C20B7581000A4AD84 /* LaunchScreen.storyboard */,
				840DB06F20B7581000A4AD84 /* Info.plist */,
			);
			path = school;
			sourceTree = "<group>";
		};
		840DB07720B7581000A4AD84 /* schoolTests */ = {
			isa = PBXGroup;
			children = (
				840DB07820B7581000A4AD84 /* schoolTests.swift */,
				840DB07A20B7581000A4AD84 /* Info.plist */,
			);
			path = schoolTests;
			sourceTree = "<group>";
		};
		840DB08220B7581000A4AD84 /* schoolUITests */ = {
			isa = PBXGroup;
			children = (
				840DB08320B7581000A4AD84 /* schoolUITests.swift */,
				840DB08520B7581000A4AD84 /* Info.plist */,
			);
			path = schoolUITests;
			sourceTree = "<group>";
		};
		845B7AB720B7FA1F003E8A8B /* View */ = {
			isa = PBXGroup;
			children = (
				849F237620B8AC0C0044BB64 /* Settings */,
				849F237220B8A4580044BB64 /* CreateUser */,
				849F237120B8A4520044BB64 /* Login */,
				849F236F20B8A4270044BB64 /* Teacher */,
			);
			path = View;
			sourceTree = "<group>";
		};
		849F236420B867F40044BB64 /* Model */ = {
			isa = PBXGroup;
			children = (
				849F236E20B8A4150044BB64 /* Teacher */,
			);
			path = Model;
			sourceTree = "<group>";
		};
		849F236720B869D80044BB64 /* ViewModel */ = {
			isa = PBXGroup;
			children = (
				849F237020B8A4400044BB64 /* Teacher */,
			);
			path = ViewModel;
			sourceTree = "<group>";
		};
		849F236E20B8A4150044BB64 /* Teacher */ = {
			isa = PBXGroup;
			children = (
				849F236520B868320044BB64 /* DataTeacher.swift */,
			);
			path = Teacher;
			sourceTree = "<group>";
		};
		849F236F20B8A4270044BB64 /* Teacher */ = {
			isa = PBXGroup;
			children = (
				849F236020B8664D0044BB64 /* TeacherController.swift */,
				849F235E20B864860044BB64 /* TeachersCell.swift */,
				849F236220B867150044BB64 /* Teacher.swift */,
			);
			path = Teacher;
			sourceTree = "<group>";
		};
		849F237020B8A4400044BB64 /* Teacher */ = {
			isa = PBXGroup;
			children = (
				849F236820B869F80044BB64 /* TeacherListViewModel.swift */,
				849F236A20B86A250044BB64 /* TeacherViewModel.swift */,
			);
			path = Teacher;
			sourceTree = "<group>";
		};
		849F237120B8A4520044BB64 /* Login */ = {
			isa = PBXGroup;
			children = (
				840DB06520B7580800A4AD84 /* LoginController.swift */,
			);
			path = Login;
			sourceTree = "<group>";
		};
		849F237220B8A4580044BB64 /* CreateUser */ = {
			isa = PBXGroup;
			children = (
				845B7AB520B7F114003E8A8B /* CreateUserController.swift */,
			);
			path = CreateUser;
			sourceTree = "<group>";
		};
		849F237320B8A48C0044BB64 /* Utils */ = {
			isa = PBXGroup;
			children = (
				849F236C20B896840044BB64 /* UIViewUtil.swift */,
				849F237420B8A4A20044BB64 /* UIAlertUtil.swift */,
			);
			path = Utils;
			sourceTree = "<group>";
		};
		849F237620B8AC0C0044BB64 /* Settings */ = {
			isa = PBXGroup;
			children = (
				849F237720B8AC220044BB64 /* SettingsController.swift */,
			);
			path = Settings;
			sourceTree = "<group>";
		};
		95CABC560F1D61ADD0206D4B /* Frameworks */ = {
			isa = PBXGroup;
			children = (
				9C9E382CFC49DA162B85217C /* Pods_school.framework */,
				B7B81209635DB0CACBD2F230 /* Pods_schoolTests.framework */,
				D29A9CC44B12A7BB011BD1DA /* Pods_schoolUITests.framework */,
			);
			name = Frameworks;
			sourceTree = "<group>";
		};
		EC93C53C05BD8EF2A4CA3285 /* Pods */ = {
			isa = PBXGroup;
			children = (
				E0E6DFDF2B7FADF9313E782D /* Pods-school.debug.xcconfig */,
				5D4D7E942637D42191499B44 /* Pods-school.release.xcconfig */,
				8625E287EABEA963D2586D5F /* Pods-schoolTests.debug.xcconfig */,
				6FBBB96B4EE3889F61B57815 /* Pods-schoolTests.release.xcconfig */,
				414D215897336D91DC3617F7 /* Pods-schoolUITests.debug.xcconfig */,
				2BDFB5FA268ACD42674654A6 /* Pods-schoolUITests.release.xcconfig */,
			);
			name = Pods;
			sourceTree = "<group>";
		};
/* End PBXGroup section */

/* Begin PBXNativeTarget section */
		840DB05F20B7580800A4AD84 /* school */ = {
			isa = PBXNativeTarget;
			buildConfigurationList = 840DB08820B7581000A4AD84 /* Build configuration list for PBXNativeTarget "school" */;
			buildPhases = (
				27176AB10CB32013A46F1D67 /* [CP] Check Pods Manifest.lock */,
				840DB05C20B7580800A4AD84 /* Sources */,
				840DB05D20B7580800A4AD84 /* Frameworks */,
				840DB05E20B7580800A4AD84 /* Resources */,
				A1F783ED11D3242804E198A9 /* [CP] Embed Pods Frameworks */,
				5A7CA035AEAC49A0B41F2CB0 /* [CP] Copy Pods Resources */,
			);
			buildRules = (
			);
			dependencies = (
			);
			name = school;
			productName = school;
			productReference = 840DB06020B7580800A4AD84 /* school.app */;
			productType = "com.apple.product-type.application";
		};
		840DB07320B7581000A4AD84 /* schoolTests */ = {
			isa = PBXNativeTarget;
			buildConfigurationList = 840DB08B20B7581000A4AD84 /* Build configuration list for PBXNativeTarget "schoolTests" */;
			buildPhases = (
				B2CA03C1615CFBE5D8BC18E4 /* [CP] Check Pods Manifest.lock */,
				840DB07020B7581000A4AD84 /* Sources */,
				840DB07120B7581000A4AD84 /* Frameworks */,
				840DB07220B7581000A4AD84 /* Resources */,
			);
			buildRules = (
			);
			dependencies = (
				840DB07620B7581000A4AD84 /* PBXTargetDependency */,
			);
			name = schoolTests;
			productName = schoolTests;
			productReference = 840DB07420B7581000A4AD84 /* schoolTests.xctest */;
			productType = "com.apple.product-type.bundle.unit-test";
		};
		840DB07E20B7581000A4AD84 /* schoolUITests */ = {
			isa = PBXNativeTarget;
			buildConfigurationList = 840DB08E20B7581000A4AD84 /* Build configuration list for PBXNativeTarget "schoolUITests" */;
			buildPhases = (
				53ED329D9576554944D694AF /* [CP] Check Pods Manifest.lock */,
				840DB07B20B7581000A4AD84 /* Sources */,
				840DB07C20B7581000A4AD84 /* Frameworks */,
				840DB07D20B7581000A4AD84 /* Resources */,
			);
			buildRules = (
			);
			dependencies = (
				840DB08120B7581000A4AD84 /* PBXTargetDependency */,
			);
			name = schoolUITests;
			productName = schoolUITests;
			productReference = 840DB07F20B7581000A4AD84 /* schoolUITests.xctest */;
			productType = "com.apple.product-type.bundle.ui-testing";
		};
/* End PBXNativeTarget section */

/* Begin PBXProject section */
		840DB05820B7580800A4AD84 /* Project object */ = {
			isa = PBXProject;
			attributes = {
				LastSwiftUpdateCheck = 0930;
				LastUpgradeCheck = 0930;
				ORGANIZATIONNAME = iwebsapp;
				TargetAttributes = {
					840DB05F20B7580800A4AD84 = {
						CreatedOnToolsVersion = 9.3.1;
					};
					840DB07320B7581000A4AD84 = {
						CreatedOnToolsVersion = 9.3.1;
						TestTargetID = 840DB05F20B7580800A4AD84;
					};
					840DB07E20B7581000A4AD84 = {
						CreatedOnToolsVersion = 9.3.1;
						TestTargetID = 840DB05F20B7580800A4AD84;
					};
				};
			};
			buildConfigurationList = 840DB05B20B7580800A4AD84 /* Build configuration list for PBXProject "school" */;
			compatibilityVersion = "Xcode 9.3";
			developmentRegion = en;
			hasScannedForEncodings = 0;
			knownRegions = (
				en,
				Base,
			);
			mainGroup = 840DB05720B7580800A4AD84;
			productRefGroup = 840DB06120B7580800A4AD84 /* Products */;
			projectDirPath = "";
			projectRoot = "";
			targets = (
				840DB05F20B7580800A4AD84 /* school */,
				840DB07320B7581000A4AD84 /* schoolTests */,
				840DB07E20B7581000A4AD84 /* schoolUITests */,
			);
		};
/* End PBXProject section */

/* Begin PBXResourcesBuildPhase section */
		840DB05E20B7580800A4AD84 /* Resources */ = {
			isa = PBXResourcesBuildPhase;
			buildActionMask = 2147483647;
			files = (
				849F235D20B8588B0044BB64 /* Pincipal.storyboard in Resources */,
				840DB06E20B7581000A4AD84 /* LaunchScreen.storyboard in Resources */,
				840DB06B20B7581000A4AD84 /* Assets.xcassets in Resources */,
				840DB06920B7580800A4AD84 /* Main.storyboard in Resources */,
			);
			runOnlyForDeploymentPostprocessing = 0;
		};
		840DB07220B7581000A4AD84 /* Resources */ = {
			isa = PBXResourcesBuildPhase;
			buildActionMask = 2147483647;
			files = (
			);
			runOnlyForDeploymentPostprocessing = 0;
		};
		840DB07D20B7581000A4AD84 /* Resources */ = {
			isa = PBXResourcesBuildPhase;
			buildActionMask = 2147483647;
			files = (
			);
			runOnlyForDeploymentPostprocessing = 0;
		};
/* End PBXResourcesBuildPhase section */

/* Begin PBXShellScriptBuildPhase section */
		27176AB10CB32013A46F1D67 /* [CP] Check Pods Manifest.lock */ = {
			isa = PBXShellScriptBuildPhase;
			buildActionMask = 2147483647;
			files = (
			);
			inputPaths = (
				"${PODS_PODFILE_DIR_PATH}/Podfile.lock",
				"${PODS_ROOT}/Manifest.lock",
			);
			name = "[CP] Check Pods Manifest.lock";
			outputPaths = (
				"$(DERIVED_FILE_DIR)/Pods-school-checkManifestLockResult.txt",
			);
			runOnlyForDeploymentPostprocessing = 0;
			shellPath = /bin/sh;
			shellScript = "diff \"${PODS_PODFILE_DIR_PATH}/Podfile.lock\" \"${PODS_ROOT}/Manifest.lock\" > /dev/null\nif [ $? != 0 ] ; then\n    # print error to STDERR\n    echo \"error: The sandbox is not in sync with the Podfile.lock. Run 'pod install' or update your CocoaPods installation.\" >&2\n    exit 1\nfi\n# This output is used by Xcode 'outputs' to avoid re-running this script phase.\necho \"SUCCESS\" > \"${SCRIPT_OUTPUT_FILE_0}\"\n";
			showEnvVarsInLog = 0;
		};
		53ED329D9576554944D694AF /* [CP] Check Pods Manifest.lock */ = {
			isa = PBXShellScriptBuildPhase;
			buildActionMask = 2147483647;
			files = (
			);
			inputPaths = (
				"${PODS_PODFILE_DIR_PATH}/Podfile.lock",
				"${PODS_ROOT}/Manifest.lock",
			);
			name = "[CP] Check Pods Manifest.lock";
			outputPaths = (
				"$(DERIVED_FILE_DIR)/Pods-schoolUITests-checkManifestLockResult.txt",
			);
			runOnlyForDeploymentPostprocessing = 0;
			shellPath = /bin/sh;
			shellScript = "diff \"${PODS_PODFILE_DIR_PATH}/Podfile.lock\" \"${PODS_ROOT}/Manifest.lock\" > /dev/null\nif [ $? != 0 ] ; then\n    # print error to STDERR\n    echo \"error: The sandbox is not in sync with the Podfile.lock. Run 'pod install' or update your CocoaPods installation.\" >&2\n    exit 1\nfi\n# This output is used by Xcode 'outputs' to avoid re-running this script phase.\necho \"SUCCESS\" > \"${SCRIPT_OUTPUT_FILE_0}\"\n";
			showEnvVarsInLog = 0;
		};
		5A7CA035AEAC49A0B41F2CB0 /* [CP] Copy Pods Resources */ = {
			isa = PBXShellScriptBuildPhase;
			buildActionMask = 2147483647;
			files = (
			);
			inputPaths = (
				"${SRCROOT}/Pods/Target Support Files/Pods-school/Pods-school-resources.sh",
				"${PODS_ROOT}/GoogleSignIn/Resources/GoogleSignIn.bundle",
			);
			name = "[CP] Copy Pods Resources";
			outputPaths = (
				"${TARGET_BUILD_DIR}/${UNLOCALIZED_RESOURCES_FOLDER_PATH}/GoogleSignIn.bundle",
			);
			runOnlyForDeploymentPostprocessing = 0;
			shellPath = /bin/sh;
			shellScript = "\"${SRCROOT}/Pods/Target Support Files/Pods-school/Pods-school-resources.sh\"\n";
			showEnvVarsInLog = 0;
		};
		A1F783ED11D3242804E198A9 /* [CP] Embed Pods Frameworks */ = {
			isa = PBXShellScriptBuildPhase;
			buildActionMask = 2147483647;
			files = (
			);
			inputPaths = (
				"${SRCROOT}/Pods/Target Support Files/Pods-school/Pods-school-frameworks.sh",
				"${BUILT_PRODUCTS_DIR}/Alamofire/Alamofire.framework",
				"${BUILT_PRODUCTS_DIR}/BoringSSL/openssl.framework",
				"${BUILT_PRODUCTS_DIR}/GTMOAuth2/GTMOAuth2.framework",
				"${BUILT_PRODUCTS_DIR}/GTMSessionFetcher/GTMSessionFetcher.framework",
				"${BUILT_PRODUCTS_DIR}/GoogleToolboxForMac/GoogleToolboxForMac.framework",
				"${BUILT_PRODUCTS_DIR}/Protobuf/Protobuf.framework",
				"${BUILT_PRODUCTS_DIR}/RevealingSplashView/RevealingSplashView.framework",
				"${BUILT_PRODUCTS_DIR}/SDWebImage/SDWebImage.framework",
				"${BUILT_PRODUCTS_DIR}/SwiftyJSON/SwiftyJSON.framework",
				"${BUILT_PRODUCTS_DIR}/gRPC/GRPCClient.framework",
				"${BUILT_PRODUCTS_DIR}/gRPC-Core/grpc.framework",
				"${BUILT_PRODUCTS_DIR}/gRPC-ProtoRPC/ProtoRPC.framework",
				"${BUILT_PRODUCTS_DIR}/gRPC-RxLibrary/RxLibrary.framework",
				"${BUILT_PRODUCTS_DIR}/leveldb-library/leveldb.framework",
				"${BUILT_PRODUCTS_DIR}/lottie-ios/Lottie.framework",
				"${BUILT_PRODUCTS_DIR}/nanopb/nanopb.framework",
			);
			name = "[CP] Embed Pods Frameworks";
			outputPaths = (
				"${TARGET_BUILD_DIR}/${FRAMEWORKS_FOLDER_PATH}/Alamofire.framework",
				"${TARGET_BUILD_DIR}/${FRAMEWORKS_FOLDER_PATH}/openssl.framework",
				"${TARGET_BUILD_DIR}/${FRAMEWORKS_FOLDER_PATH}/GTMOAuth2.framework",
				"${TARGET_BUILD_DIR}/${FRAMEWORKS_FOLDER_PATH}/GTMSessionFetcher.framework",
				"${TARGET_BUILD_DIR}/${FRAMEWORKS_FOLDER_PATH}/GoogleToolboxForMac.framework",
				"${TARGET_BUILD_DIR}/${FRAMEWORKS_FOLDER_PATH}/Protobuf.framework",
				"${TARGET_BUILD_DIR}/${FRAMEWORKS_FOLDER_PATH}/RevealingSplashView.framework",
				"${TARGET_BUILD_DIR}/${FRAMEWORKS_FOLDER_PATH}/SDWebImage.framework",
				"${TARGET_BUILD_DIR}/${FRAMEWORKS_FOLDER_PATH}/SwiftyJSON.framework",
				"${TARGET_BUILD_DIR}/${FRAMEWORKS_FOLDER_PATH}/GRPCClient.framework",
				"${TARGET_BUILD_DIR}/${FRAMEWORKS_FOLDER_PATH}/grpc.framework",
				"${TARGET_BUILD_DIR}/${FRAMEWORKS_FOLDER_PATH}/ProtoRPC.framework",
				"${TARGET_BUILD_DIR}/${FRAMEWORKS_FOLDER_PATH}/RxLibrary.framework",
				"${TARGET_BUILD_DIR}/${FRAMEWORKS_FOLDER_PATH}/leveldb.framework",
				"${TARGET_BUILD_DIR}/${FRAMEWORKS_FOLDER_PATH}/Lottie.framework",
				"${TARGET_BUILD_DIR}/${FRAMEWORKS_FOLDER_PATH}/nanopb.framework",
			);
			runOnlyForDeploymentPostprocessing = 0;
			shellPath = /bin/sh;
			shellScript = "\"${SRCROOT}/Pods/Target Support Files/Pods-school/Pods-school-frameworks.sh\"\n";
			showEnvVarsInLog = 0;
		};
		B2CA03C1615CFBE5D8BC18E4 /* [CP] Check Pods Manifest.lock */ = {
			isa = PBXShellScriptBuildPhase;
			buildActionMask = 2147483647;
			files = (
			);
			inputPaths = (
				"${PODS_PODFILE_DIR_PATH}/Podfile.lock",
				"${PODS_ROOT}/Manifest.lock",
			);
			name = "[CP] Check Pods Manifest.lock";
			outputPaths = (
				"$(DERIVED_FILE_DIR)/Pods-schoolTests-checkManifestLockResult.txt",
			);
			runOnlyForDeploymentPostprocessing = 0;
			shellPath = /bin/sh;
			shellScript = "diff \"${PODS_PODFILE_DIR_PATH}/Podfile.lock\" \"${PODS_ROOT}/Manifest.lock\" > /dev/null\nif [ $? != 0 ] ; then\n    # print error to STDERR\n    echo \"error: The sandbox is not in sync with the Podfile.lock. Run 'pod install' or update your CocoaPods installation.\" >&2\n    exit 1\nfi\n# This output is used by Xcode 'outputs' to avoid re-running this script phase.\necho \"SUCCESS\" > \"${SCRIPT_OUTPUT_FILE_0}\"\n";
			showEnvVarsInLog = 0;
		};
/* End PBXShellScriptBuildPhase section */

/* Begin PBXSourcesBuildPhase section */
		840DB05C20B7580800A4AD84 /* Sources */ = {
			isa = PBXSourcesBuildPhase;
			buildActionMask = 2147483647;
			files = (
				849F237820B8AC220044BB64 /* SettingsController.swift in Sources */,
				849F236620B868320044BB64 /* DataTeacher.swift in Sources */,
				849F236920B869F80044BB64 /* TeacherListViewModel.swift in Sources */,
				849F235F20B864860044BB64 /* TeachersCell.swift in Sources */,
				849F236120B8664D0044BB64 /* TeacherController.swift in Sources */,
				849F236D20B896840044BB64 /* UIViewUtil.swift in Sources */,
				849F236B20B86A250044BB64 /* TeacherViewModel.swift in Sources */,
				849F236320B867150044BB64 /* Teacher.swift in Sources */,
				840DB06620B7580800A4AD84 /* LoginController.swift in Sources */,
				849F237520B8A4A20044BB64 /* UIAlertUtil.swift in Sources */,
				840DB06420B7580800A4AD84 /* AppDelegate.swift in Sources */,
				845B7AB620B7F114003E8A8B /* CreateUserController.swift in Sources */,
			);
			runOnlyForDeploymentPostprocessing = 0;
		};
		840DB07020B7581000A4AD84 /* Sources */ = {
			isa = PBXSourcesBuildPhase;
			buildActionMask = 2147483647;
			files = (
				840DB07920B7581000A4AD84 /* schoolTests.swift in Sources */,
			);
			runOnlyForDeploymentPostprocessing = 0;
		};
		840DB07B20B7581000A4AD84 /* Sources */ = {
			isa = PBXSourcesBuildPhase;
			buildActionMask = 2147483647;
			files = (
				840DB08420B7581000A4AD84 /* schoolUITests.swift in Sources */,
			);
			runOnlyForDeploymentPostprocessing = 0;
		};
/* End PBXSourcesBuildPhase section */

/* Begin PBXTargetDependency section */
		840DB07620B7581000A4AD84 /* PBXTargetDependency */ = {
			isa = PBXTargetDependency;
			target = 840DB05F20B7580800A4AD84 /* school */;
			targetProxy = 840DB07520B7581000A4AD84 /* PBXContainerItemProxy */;
		};
		840DB08120B7581000A4AD84 /* PBXTargetDependency */ = {
			isa = PBXTargetDependency;
			target = 840DB05F20B7580800A4AD84 /* school */;
			targetProxy = 840DB08020B7581000A4AD84 /* PBXContainerItemProxy */;
		};
/* End PBXTargetDependency section */

/* Begin PBXVariantGroup section */
		840DB06720B7580800A4AD84 /* Main.storyboard */ = {
			isa = PBXVariantGroup;
			children = (
				840DB06820B7580800A4AD84 /* Base */,
			);
			name = Main.storyboard;
			sourceTree = "<group>";
		};
		840DB06C20B7581000A4AD84 /* LaunchScreen.storyboard */ = {
			isa = PBXVariantGroup;
			children = (
				840DB06D20B7581000A4AD84 /* Base */,
			);
			name = LaunchScreen.storyboard;
			sourceTree = "<group>";
		};
/* End PBXVariantGroup section */

/* Begin XCBuildConfiguration section */
		840DB08620B7581000A4AD84 /* Debug */ = {
			isa = XCBuildConfiguration;
			buildSettings = {
				ALWAYS_SEARCH_USER_PATHS = NO;
				CLANG_ANALYZER_NONNULL = YES;
				CLANG_ANALYZER_NUMBER_OBJECT_CONVERSION = YES_AGGRESSIVE;
				CLANG_CXX_LANGUAGE_STANDARD = "gnu++14";
				CLANG_CXX_LIBRARY = "libc++";
				CLANG_ENABLE_MODULES = YES;
				CLANG_ENABLE_OBJC_ARC = YES;
				CLANG_ENABLE_OBJC_WEAK = YES;
				CLANG_WARN_BLOCK_CAPTURE_AUTORELEASING = YES;
				CLANG_WARN_BOOL_CONVERSION = YES;
				CLANG_WARN_COMMA = YES;
				CLANG_WARN_CONSTANT_CONVERSION = YES;
				CLANG_WARN_DEPRECATED_OBJC_IMPLEMENTATIONS = YES;
				CLANG_WARN_DIRECT_OBJC_ISA_USAGE = YES_ERROR;
				CLANG_WARN_DOCUMENTATION_COMMENTS = YES;
				CLANG_WARN_EMPTY_BODY = YES;
				CLANG_WARN_ENUM_CONVERSION = YES;
				CLANG_WARN_INFINITE_RECURSION = YES;
				CLANG_WARN_INT_CONVERSION = YES;
				CLANG_WARN_NON_LITERAL_NULL_CONVERSION = YES;
				CLANG_WARN_OBJC_IMPLICIT_RETAIN_SELF = YES;
				CLANG_WARN_OBJC_LITERAL_CONVERSION = YES;
				CLANG_WARN_OBJC_ROOT_CLASS = YES_ERROR;
				CLANG_WARN_RANGE_LOOP_ANALYSIS = YES;
				CLANG_WARN_STRICT_PROTOTYPES = YES;
				CLANG_WARN_SUSPICIOUS_MOVE = YES;
				CLANG_WARN_UNGUARDED_AVAILABILITY = YES_AGGRESSIVE;
				CLANG_WARN_UNREACHABLE_CODE = YES;
				CLANG_WARN__DUPLICATE_METHOD_MATCH = YES;
				CODE_SIGN_IDENTITY = "iPhone Developer";
				COPY_PHASE_STRIP = NO;
				DEBUG_INFORMATION_FORMAT = dwarf;
				ENABLE_STRICT_OBJC_MSGSEND = YES;
				ENABLE_TESTABILITY = YES;
				GCC_C_LANGUAGE_STANDARD = gnu11;
				GCC_DYNAMIC_NO_PIC = NO;
				GCC_NO_COMMON_BLOCKS = YES;
				GCC_OPTIMIZATION_LEVEL = 0;
				GCC_PREPROCESSOR_DEFINITIONS = (
					"DEBUG=1",
					"$(inherited)",
				);
				GCC_WARN_64_TO_32_BIT_CONVERSION = YES;
				GCC_WARN_ABOUT_RETURN_TYPE = YES_ERROR;
				GCC_WARN_UNDECLARED_SELECTOR = YES;
				GCC_WARN_UNINITIALIZED_AUTOS = YES_AGGRESSIVE;
				GCC_WARN_UNUSED_FUNCTION = YES;
				GCC_WARN_UNUSED_VARIABLE = YES;
				IPHONEOS_DEPLOYMENT_TARGET = 11.3;
				MTL_ENABLE_DEBUG_INFO = YES;
				ONLY_ACTIVE_ARCH = YES;
				SDKROOT = iphoneos;
				SWIFT_ACTIVE_COMPILATION_CONDITIONS = DEBUG;
				SWIFT_OPTIMIZATION_LEVEL = "-Onone";
			};
			name = Debug;
		};
		840DB08720B7581000A4AD84 /* Release */ = {
			isa = XCBuildConfiguration;
			buildSettings = {
				ALWAYS_SEARCH_USER_PATHS = NO;
				CLANG_ANALYZER_NONNULL = YES;
				CLANG_ANALYZER_NUMBER_OBJECT_CONVERSION = YES_AGGRESSIVE;
				CLANG_CXX_LANGUAGE_STANDARD = "gnu++14";
				CLANG_CXX_LIBRARY = "libc++";
				CLANG_ENABLE_MODULES = YES;
				CLANG_ENABLE_OBJC_ARC = YES;
				CLANG_ENABLE_OBJC_WEAK = YES;
				CLANG_WARN_BLOCK_CAPTURE_AUTORELEASING = YES;
				CLANG_WARN_BOOL_CONVERSION = YES;
				CLANG_WARN_COMMA = YES;
				CLANG_WARN_CONSTANT_CONVERSION = YES;
				CLANG_WARN_DEPRECATED_OBJC_IMPLEMENTATIONS = YES;
				CLANG_WARN_DIRECT_OBJC_ISA_USAGE = YES_ERROR;
				CLANG_WARN_DOCUMENTATION_COMMENTS = YES;
				CLANG_WARN_EMPTY_BODY = YES;
				CLANG_WARN_ENUM_CONVERSION = YES;
				CLANG_WARN_INFINITE_RECURSION = YES;
				CLANG_WARN_INT_CONVERSION = YES;
				CLANG_WARN_NON_LITERAL_NULL_CONVERSION = YES;
				CLANG_WARN_OBJC_IMPLICIT_RETAIN_SELF = YES;
				CLANG_WARN_OBJC_LITERAL_CONVERSION = YES;
				CLANG_WARN_OBJC_ROOT_CLASS = YES_ERROR;
				CLANG_WARN_RANGE_LOOP_ANALYSIS = YES;
				CLANG_WARN_STRICT_PROTOTYPES = YES;
				CLANG_WARN_SUSPICIOUS_MOVE = YES;
				CLANG_WARN_UNGUARDED_AVAILABILITY = YES_AGGRESSIVE;
				CLANG_WARN_UNREACHABLE_CODE = YES;
				CLANG_WARN__DUPLICATE_METHOD_MATCH = YES;
				CODE_SIGN_IDENTITY = "iPhone Developer";
				COPY_PHASE_STRIP = NO;
				DEBUG_INFORMATION_FORMAT = "dwarf-with-dsym";
				ENABLE_NS_ASSERTIONS = NO;
				ENABLE_STRICT_OBJC_MSGSEND = YES;
				GCC_C_LANGUAGE_STANDARD = gnu11;
				GCC_NO_COMMON_BLOCKS = YES;
				GCC_WARN_64_TO_32_BIT_CONVERSION = YES;
				GCC_WARN_ABOUT_RETURN_TYPE = YES_ERROR;
				GCC_WARN_UNDECLARED_SELECTOR = YES;
				GCC_WARN_UNINITIALIZED_AUTOS = YES_AGGRESSIVE;
				GCC_WARN_UNUSED_FUNCTION = YES;
				GCC_WARN_UNUSED_VARIABLE = YES;
				IPHONEOS_DEPLOYMENT_TARGET = 11.3;
				MTL_ENABLE_DEBUG_INFO = NO;
				SDKROOT = iphoneos;
				SWIFT_COMPILATION_MODE = wholemodule;
				SWIFT_OPTIMIZATION_LEVEL = "-O";
				VALIDATE_PRODUCT = YES;
			};
			name = Release;
		};
		840DB08920B7581000A4AD84 /* Debug */ = {
			isa = XCBuildConfiguration;
			baseConfigurationReference = E0E6DFDF2B7FADF9313E782D /* Pods-school.debug.xcconfig */;
			buildSettings = {
				ASSETCATALOG_COMPILER_APPICON_NAME = AppIcon;
				CODE_SIGN_STYLE = Automatic;
				DEVELOPMENT_TEAM = Y99AD5GLT5;
				INFOPLIST_FILE = school/Info.plist;
				IPHONEOS_DEPLOYMENT_TARGET = 9.0;
				LD_RUNPATH_SEARCH_PATHS = (
					"$(inherited)",
					"@executable_path/Frameworks",
				);
				PRODUCT_BUNDLE_IDENTIFIER = com.iwebsapp.school;
				PRODUCT_NAME = "$(TARGET_NAME)";
				SWIFT_VERSION = 4.0;
				TARGETED_DEVICE_FAMILY = "1,2";
			};
			name = Debug;
		};
		840DB08A20B7581000A4AD84 /* Release */ = {
			isa = XCBuildConfiguration;
			baseConfigurationReference = 5D4D7E942637D42191499B44 /* Pods-school.release.xcconfig */;
			buildSettings = {
				ASSETCATALOG_COMPILER_APPICON_NAME = AppIcon;
				CODE_SIGN_STYLE = Automatic;
				DEVELOPMENT_TEAM = Y99AD5GLT5;
				INFOPLIST_FILE = school/Info.plist;
				IPHONEOS_DEPLOYMENT_TARGET = 9.0;
				LD_RUNPATH_SEARCH_PATHS = (
					"$(inherited)",
					"@executable_path/Frameworks",
				);
				PRODUCT_BUNDLE_IDENTIFIER = com.iwebsapp.school;
				PRODUCT_NAME = "$(TARGET_NAME)";
				SWIFT_VERSION = 4.0;
				TARGETED_DEVICE_FAMILY = "1,2";
			};
			name = Release;
		};
		840DB08C20B7581000A4AD84 /* Debug */ = {
			isa = XCBuildConfiguration;
			baseConfigurationReference = 8625E287EABEA963D2586D5F /* Pods-schoolTests.debug.xcconfig */;
			buildSettings = {
				ALWAYS_EMBED_SWIFT_STANDARD_LIBRARIES = YES;
				BUNDLE_LOADER = "$(TEST_HOST)";
				CODE_SIGN_STYLE = Automatic;
				DEVELOPMENT_TEAM = Y99AD5GLT5;
				INFOPLIST_FILE = schoolTests/Info.plist;
				LD_RUNPATH_SEARCH_PATHS = (
					"$(inherited)",
					"@executable_path/Frameworks",
					"@loader_path/Frameworks",
				);
				PRODUCT_BUNDLE_IDENTIFIER = com.iwebsapp.schoolTests;
				PRODUCT_NAME = "$(TARGET_NAME)";
				SWIFT_VERSION = 4.0;
				TARGETED_DEVICE_FAMILY = "1,2";
				TEST_HOST = "$(BUILT_PRODUCTS_DIR)/school.app/school";
			};
			name = Debug;
		};
		840DB08D20B7581000A4AD84 /* Release */ = {
			isa = XCBuildConfiguration;
			baseConfigurationReference = 6FBBB96B4EE3889F61B57815 /* Pods-schoolTests.release.xcconfig */;
			buildSettings = {
				ALWAYS_EMBED_SWIFT_STANDARD_LIBRARIES = YES;
				BUNDLE_LOADER = "$(TEST_HOST)";
				CODE_SIGN_STYLE = Automatic;
				DEVELOPMENT_TEAM = Y99AD5GLT5;
				INFOPLIST_FILE = schoolTests/Info.plist;
				LD_RUNPATH_SEARCH_PATHS = (
					"$(inherited)",
					"@executable_path/Frameworks",
					"@loader_path/Frameworks",
				);
				PRODUCT_BUNDLE_IDENTIFIER = com.iwebsapp.schoolTests;
				PRODUCT_NAME = "$(TARGET_NAME)";
				SWIFT_VERSION = 4.0;
				TARGETED_DEVICE_FAMILY = "1,2";
				TEST_HOST = "$(BUILT_PRODUCTS_DIR)/school.app/school";
			};
			name = Release;
		};
		840DB08F20B7581000A4AD84 /* Debug */ = {
			isa = XCBuildConfiguration;
			baseConfigurationReference = 414D215897336D91DC3617F7 /* Pods-schoolUITests.debug.xcconfig */;
			buildSettings = {
				ALWAYS_EMBED_SWIFT_STANDARD_LIBRARIES = YES;
				CODE_SIGN_STYLE = Automatic;
				DEVELOPMENT_TEAM = Y99AD5GLT5;
				INFOPLIST_FILE = schoolUITests/Info.plist;
				LD_RUNPATH_SEARCH_PATHS = (
					"$(inherited)",
					"@executable_path/Frameworks",
					"@loader_path/Frameworks",
				);
				PRODUCT_BUNDLE_IDENTIFIER = com.iwebsapp.schoolUITests;
				PRODUCT_NAME = "$(TARGET_NAME)";
				SWIFT_VERSION = 4.0;
				TARGETED_DEVICE_FAMILY = "1,2";
				TEST_TARGET_NAME = school;
			};
			name = Debug;
		};
		840DB09020B7581000A4AD84 /* Release */ = {
			isa = XCBuildConfiguration;
			baseConfigurationReference = 2BDFB5FA268ACD42674654A6 /* Pods-schoolUITests.release.xcconfig */;
			buildSettings = {
				ALWAYS_EMBED_SWIFT_STANDARD_LIBRARIES = YES;
				CODE_SIGN_STYLE = Automatic;
				DEVELOPMENT_TEAM = Y99AD5GLT5;
				INFOPLIST_FILE = schoolUITests/Info.plist;
				LD_RUNPATH_SEARCH_PATHS = (
					"$(inherited)",
					"@executable_path/Frameworks",
					"@loader_path/Frameworks",
				);
				PRODUCT_BUNDLE_IDENTIFIER = com.iwebsapp.schoolUITests;
				PRODUCT_NAME = "$(TARGET_NAME)";
				SWIFT_VERSION = 4.0;
				TARGETED_DEVICE_FAMILY = "1,2";
				TEST_TARGET_NAME = school;
			};
			name = Release;
		};
/* End XCBuildConfiguration section */

/* Begin XCConfigurationList section */
		840DB05B20B7580800A4AD84 /* Build configuration list for PBXProject "school" */ = {
			isa = XCConfigurationList;
			buildConfigurations = (
				840DB08620B7581000A4AD84 /* Debug */,
				840DB08720B7581000A4AD84 /* Release */,
			);
			defaultConfigurationIsVisible = 0;
			defaultConfigurationName = Release;
		};
		840DB08820B7581000A4AD84 /* Build configuration list for PBXNativeTarget "school" */ = {
			isa = XCConfigurationList;
			buildConfigurations = (
				840DB08920B7581000A4AD84 /* Debug */,
				840DB08A20B7581000A4AD84 /* Release */,
			);
			defaultConfigurationIsVisible = 0;
			defaultConfigurationName = Release;
		};
		840DB08B20B7581000A4AD84 /* Build configuration list for PBXNativeTarget "schoolTests" */ = {
			isa = XCConfigurationList;
			buildConfigurations = (
				840DB08C20B7581000A4AD84 /* Debug */,
				840DB08D20B7581000A4AD84 /* Release */,
			);
			defaultConfigurationIsVisible = 0;
			defaultConfigurationName = Release;
		};
		840DB08E20B7581000A4AD84 /* Build configuration list for PBXNativeTarget "schoolUITests" */ = {
			isa = XCConfigurationList;
			buildConfigurations = (
				840DB08F20B7581000A4AD84 /* Debug */,
				840DB09020B7581000A4AD84 /* Release */,
			);
			defaultConfigurationIsVisible = 0;
			defaultConfigurationName = Release;
		};
/* End XCConfigurationList section */
	};
	rootObject = 840DB05820B7580800A4AD84 /* Project object */;
}
