// !$*UTF8*$!
{
	archiveVersion = 1;
	classes = {
	};
	objectVersion = 50;
	objects = {

/* Begin PBXBuildFile section */
		6C687E4F9F32C2979D761C82 /* Pods_school.framework in Frameworks */ = {isa = PBXBuildFile; fileRef = 54E23BACA26F85FCA18D5CC2 /* Pods_school.framework */; };
		7D708647A5301320438D1011 /* Pods_schoolUITests.framework in Frameworks */ = {isa = PBXBuildFile; fileRef = 11FD10CB3D7C893CD2257A96 /* Pods_schoolUITests.framework */; };
		840DB06420B7580800A4AD84 /* AppDelegate.swift in Sources */ = {isa = PBXBuildFile; fileRef = 840DB06320B7580800A4AD84 /* AppDelegate.swift */; };
		840DB06620B7580800A4AD84 /* ViewController.swift in Sources */ = {isa = PBXBuildFile; fileRef = 840DB06520B7580800A4AD84 /* ViewController.swift */; };
		840DB06920B7580800A4AD84 /* Main.storyboard in Resources */ = {isa = PBXBuildFile; fileRef = 840DB06720B7580800A4AD84 /* Main.storyboard */; };
		840DB06B20B7581000A4AD84 /* Assets.xcassets in Resources */ = {isa = PBXBuildFile; fileRef = 840DB06A20B7581000A4AD84 /* Assets.xcassets */; };
		840DB06E20B7581000A4AD84 /* LaunchScreen.storyboard in Resources */ = {isa = PBXBuildFile; fileRef = 840DB06C20B7581000A4AD84 /* LaunchScreen.storyboard */; };
		840DB07920B7581000A4AD84 /* schoolTests.swift in Sources */ = {isa = PBXBuildFile; fileRef = 840DB07820B7581000A4AD84 /* schoolTests.swift */; };
		840DB08420B7581000A4AD84 /* schoolUITests.swift in Sources */ = {isa = PBXBuildFile; fileRef = 840DB08320B7581000A4AD84 /* schoolUITests.swift */; };
		F757A3D7B748F77974E92F2D /* Pods_schoolTests.framework in Frameworks */ = {isa = PBXBuildFile; fileRef = 97D808A8AFF7137A883D0B61 /* Pods_schoolTests.framework */; };
/* End PBXBuildFile section */

/* Begin PBXContainerItemProxy section */
		840DB07520B7581000A4AD84 /* PBXContainerItemProxy */ = {
			isa = PBXContainerItemProxy;
			containerPortal = 840DB05820B7580800A4AD84 /* Project object */;
			proxyType = 1;
			remoteGlobalIDString = 840DB05F20B7580800A4AD84;
			remoteInfo = school;
		};
		840DB08020B7581000A4AD84 /* PBXContainerItemProxy */ = {
			isa = PBXContainerItemProxy;
			containerPortal = 840DB05820B7580800A4AD84 /* Project object */;
			proxyType = 1;
			remoteGlobalIDString = 840DB05F20B7580800A4AD84;
			remoteInfo = school;
		};
/* End PBXContainerItemProxy section */

/* Begin PBXFileReference section */
		11FD10CB3D7C893CD2257A96 /* Pods_schoolUITests.framework */ = {isa = PBXFileReference; explicitFileType = wrapper.framework; includeInIndex = 0; path = Pods_schoolUITests.framework; sourceTree = BUILT_PRODUCTS_DIR; };
		1C2F08CA189167BF6C4E24A9 /* Pods-school.debug.xcconfig */ = {isa = PBXFileReference; includeInIndex = 1; lastKnownFileType = text.xcconfig; name = "Pods-school.debug.xcconfig"; path = "Pods/Target Support Files/Pods-school/Pods-school.debug.xcconfig"; sourceTree = "<group>"; };
		2CD1C1E94D59511D4D210234 /* Pods-schoolTests.debug.xcconfig */ = {isa = PBXFileReference; includeInIndex = 1; lastKnownFileType = text.xcconfig; name = "Pods-schoolTests.debug.xcconfig"; path = "Pods/Target Support Files/Pods-schoolTests/Pods-schoolTests.debug.xcconfig"; sourceTree = "<group>"; };
		54E23BACA26F85FCA18D5CC2 /* Pods_school.framework */ = {isa = PBXFileReference; explicitFileType = wrapper.framework; includeInIndex = 0; path = Pods_school.framework; sourceTree = BUILT_PRODUCTS_DIR; };
		8408F12C71F352BBCE65EF8E /* Pods-school.release.xcconfig */ = {isa = PBXFileReference; includeInIndex = 1; lastKnownFileType = text.xcconfig; name = "Pods-school.release.xcconfig"; path = "Pods/Target Support Files/Pods-school/Pods-school.release.xcconfig"; sourceTree = "<group>"; };
		840DB06020B7580800A4AD84 /* school.app */ = {isa = PBXFileReference; explicitFileType = wrapper.application; includeInIndex = 0; path = school.app; sourceTree = BUILT_PRODUCTS_DIR; };
		840DB06320B7580800A4AD84 /* AppDelegate.swift */ = {isa = PBXFileReference; lastKnownFileType = sourcecode.swift; path = AppDelegate.swift; sourceTree = "<group>"; };
		840DB06520B7580800A4AD84 /* ViewController.swift */ = {isa = PBXFileReference; lastKnownFileType = sourcecode.swift; path = ViewController.swift; sourceTree = "<group>"; };
		840DB06820B7580800A4AD84 /* Base */ = {isa = PBXFileReference; lastKnownFileType = file.storyboard; name = Base; path = Base.lproj/Main.storyboard; sourceTree = "<group>"; };
		840DB06A20B7581000A4AD84 /* Assets.xcassets */ = {isa = PBXFileReference; lastKnownFileType = folder.assetcatalog; path = Assets.xcassets; sourceTree = "<group>"; };
		840DB06D20B7581000A4AD84 /* Base */ = {isa = PBXFileReference; lastKnownFileType = file.storyboard; name = Base; path = Base.lproj/LaunchScreen.storyboard; sourceTree = "<group>"; };
		840DB06F20B7581000A4AD84 /* Info.plist */ = {isa = PBXFileReference; lastKnownFileType = text.plist.xml; path = Info.plist; sourceTree = "<group>"; };
		840DB07420B7581000A4AD84 /* schoolTests.xctest */ = {isa = PBXFileReference; explicitFileType = wrapper.cfbundle; includeInIndex = 0; path = schoolTests.xctest; sourceTree = BUILT_PRODUCTS_DIR; };
		840DB07820B7581000A4AD84 /* schoolTests.swift */ = {isa = PBXFileReference; lastKnownFileType = sourcecode.swift; path = schoolTests.swift; sourceTree = "<group>"; };
		840DB07A20B7581000A4AD84 /* Info.plist */ = {isa = PBXFileReference; lastKnownFileType = text.plist.xml; path = Info.plist; sourceTree = "<group>"; };
		840DB07F20B7581000A4AD84 /* schoolUITests.xctest */ = {isa = PBXFileReference; explicitFileType = wrapper.cfbundle; includeInIndex = 0; path = schoolUITests.xctest; sourceTree = BUILT_PRODUCTS_DIR; };
		840DB08320B7581000A4AD84 /* schoolUITests.swift */ = {isa = PBXFileReference; lastKnownFileType = sourcecode.swift; path = schoolUITests.swift; sourceTree = "<group>"; };
		840DB08520B7581000A4AD84 /* Info.plist */ = {isa = PBXFileReference; lastKnownFileType = text.plist.xml; path = Info.plist; sourceTree = "<group>"; };
		8847D817B0651B42A4E1CBBF /* Pods-schoolUITests.release.xcconfig */ = {isa = PBXFileReference; includeInIndex = 1; lastKnownFileType = text.xcconfig; name = "Pods-schoolUITests.release.xcconfig"; path = "Pods/Target Support Files/Pods-schoolUITests/Pods-schoolUITests.release.xcconfig"; sourceTree = "<group>"; };
		97D808A8AFF7137A883D0B61 /* Pods_schoolTests.framework */ = {isa = PBXFileReference; explicitFileType = wrapper.framework; includeInIndex = 0; path = Pods_schoolTests.framework; sourceTree = BUILT_PRODUCTS_DIR; };
		B309016DC838C0F18431BC49 /* Pods-schoolTests.release.xcconfig */ = {isa = PBXFileReference; includeInIndex = 1; lastKnownFileType = text.xcconfig; name = "Pods-schoolTests.release.xcconfig"; path = "Pods/Target Support Files/Pods-schoolTests/Pods-schoolTests.release.xcconfig"; sourceTree = "<group>"; };
		F3FE26F27A6DA95711E25A0C /* Pods-schoolUITests.debug.xcconfig */ = {isa = PBXFileReference; includeInIndex = 1; lastKnownFileType = text.xcconfig; name = "Pods-schoolUITests.debug.xcconfig"; path = "Pods/Target Support Files/Pods-schoolUITests/Pods-schoolUITests.debug.xcconfig"; sourceTree = "<group>"; };
/* End PBXFileReference section */

/* Begin PBXFrameworksBuildPhase section */
		840DB05D20B7580800A4AD84 /* Frameworks */ = {
			isa = PBXFrameworksBuildPhase;
			buildActionMask = 2147483647;
			files = (
				6C687E4F9F32C2979D761C82 /* Pods_school.framework in Frameworks */,
			);
			runOnlyForDeploymentPostprocessing = 0;
		};
		840DB07120B7581000A4AD84 /* Frameworks */ = {
			isa = PBXFrameworksBuildPhase;
			buildActionMask = 2147483647;
			files = (
				F757A3D7B748F77974E92F2D /* Pods_schoolTests.framework in Frameworks */,
			);
			runOnlyForDeploymentPostprocessing = 0;
		};
		840DB07C20B7581000A4AD84 /* Frameworks */ = {
			isa = PBXFrameworksBuildPhase;
			buildActionMask = 2147483647;
			files = (
				7D708647A5301320438D1011 /* Pods_schoolUITests.framework in Frameworks */,
			);
			runOnlyForDeploymentPostprocessing = 0;
		};
/* End PBXFrameworksBuildPhase section */

/* Begin PBXGroup section */
		840DB05720B7580800A4AD84 = {
			isa = PBXGroup;
			children = (
				840DB06220B7580800A4AD84 /* school */,
				840DB07720B7581000A4AD84 /* schoolTests */,
				840DB08220B7581000A4AD84 /* schoolUITests */,
				840DB06120B7580800A4AD84 /* Products */,
				9F1CF9C1EDB322B183C5D4D3 /* Pods */,
				D85581C9871C2D152A4EBC31 /* Frameworks */,
			);
			sourceTree = "<group>";
		};
		840DB06120B7580800A4AD84 /* Products */ = {
			isa = PBXGroup;
			children = (
				840DB06020B7580800A4AD84 /* school.app */,
				840DB07420B7581000A4AD84 /* schoolTests.xctest */,
				840DB07F20B7581000A4AD84 /* schoolUITests.xctest */,
			);
			name = Products;
			sourceTree = "<group>";
		};
		840DB06220B7580800A4AD84 /* school */ = {
			isa = PBXGroup;
			children = (
				840DB06320B7580800A4AD84 /* AppDelegate.swift */,
				840DB06520B7580800A4AD84 /* ViewController.swift */,
				840DB06720B7580800A4AD84 /* Main.storyboard */,
				840DB06A20B7581000A4AD84 /* Assets.xcassets */,
				840DB06C20B7581000A4AD84 /* LaunchScreen.storyboard */,
				840DB06F20B7581000A4AD84 /* Info.plist */,
			);
			path = school;
			sourceTree = "<group>";
		};
		840DB07720B7581000A4AD84 /* schoolTests */ = {
			isa = PBXGroup;
			children = (
				840DB07820B7581000A4AD84 /* schoolTests.swift */,
				840DB07A20B7581000A4AD84 /* Info.plist */,
			);
			path = schoolTests;
			sourceTree = "<group>";
		};
		840DB08220B7581000A4AD84 /* schoolUITests */ = {
			isa = PBXGroup;
			children = (
				840DB08320B7581000A4AD84 /* schoolUITests.swift */,
				840DB08520B7581000A4AD84 /* Info.plist */,
			);
			path = schoolUITests;
			sourceTree = "<group>";
		};
		9F1CF9C1EDB322B183C5D4D3 /* Pods */ = {
			isa = PBXGroup;
			children = (
				1C2F08CA189167BF6C4E24A9 /* Pods-school.debug.xcconfig */,
				8408F12C71F352BBCE65EF8E /* Pods-school.release.xcconfig */,
				2CD1C1E94D59511D4D210234 /* Pods-schoolTests.debug.xcconfig */,
				B309016DC838C0F18431BC49 /* Pods-schoolTests.release.xcconfig */,
				F3FE26F27A6DA95711E25A0C /* Pods-schoolUITests.debug.xcconfig */,
				8847D817B0651B42A4E1CBBF /* Pods-schoolUITests.release.xcconfig */,
			);
			name = Pods;
			sourceTree = "<group>";
		};
		D85581C9871C2D152A4EBC31 /* Frameworks */ = {
			isa = PBXGroup;
			children = (
				54E23BACA26F85FCA18D5CC2 /* Pods_school.framework */,
				97D808A8AFF7137A883D0B61 /* Pods_schoolTests.framework */,
				11FD10CB3D7C893CD2257A96 /* Pods_schoolUITests.framework */,
			);
			name = Frameworks;
			sourceTree = "<group>";
		};
/* End PBXGroup section */

/* Begin PBXNativeTarget section */
		840DB05F20B7580800A4AD84 /* school */ = {
			isa = PBXNativeTarget;
			buildConfigurationList = 840DB08820B7581000A4AD84 /* Build configuration list for PBXNativeTarget "school" */;
			buildPhases = (
				C9C787A5760B9A8CE6E2E796 /* [CP] Check Pods Manifest.lock */,
				840DB05C20B7580800A4AD84 /* Sources */,
				840DB05D20B7580800A4AD84 /* Frameworks */,
				840DB05E20B7580800A4AD84 /* Resources */,
				17A0EA2CE50BDEB36435811A /* [CP] Embed Pods Frameworks */,
				4F0EA8BC83C9C2B215457CB9 /* [CP] Copy Pods Resources */,
			);
			buildRules = (
			);
			dependencies = (
			);
			name = school;
			productName = school;
			productReference = 840DB06020B7580800A4AD84 /* school.app */;
			productType = "com.apple.product-type.application";
		};
		840DB07320B7581000A4AD84 /* schoolTests */ = {
			isa = PBXNativeTarget;
			buildConfigurationList = 840DB08B20B7581000A4AD84 /* Build configuration list for PBXNativeTarget "schoolTests" */;
			buildPhases = (
				2EDE14FD296B737C853CFFB5 /* [CP] Check Pods Manifest.lock */,
				840DB07020B7581000A4AD84 /* Sources */,
				840DB07120B7581000A4AD84 /* Frameworks */,
				840DB07220B7581000A4AD84 /* Resources */,
			);
			buildRules = (
			);
			dependencies = (
				840DB07620B7581000A4AD84 /* PBXTargetDependency */,
			);
			name = schoolTests;
			productName = schoolTests;
			productReference = 840DB07420B7581000A4AD84 /* schoolTests.xctest */;
			productType = "com.apple.product-type.bundle.unit-test";
		};
		840DB07E20B7581000A4AD84 /* schoolUITests */ = {
			isa = PBXNativeTarget;
			buildConfigurationList = 840DB08E20B7581000A4AD84 /* Build configuration list for PBXNativeTarget "schoolUITests" */;
			buildPhases = (
				5EF0DB691D999D59286AC300 /* [CP] Check Pods Manifest.lock */,
				840DB07B20B7581000A4AD84 /* Sources */,
				840DB07C20B7581000A4AD84 /* Frameworks */,
				840DB07D20B7581000A4AD84 /* Resources */,
			);
			buildRules = (
			);
			dependencies = (
				840DB08120B7581000A4AD84 /* PBXTargetDependency */,
			);
			name = schoolUITests;
			productName = schoolUITests;
			productReference = 840DB07F20B7581000A4AD84 /* schoolUITests.xctest */;
			productType = "com.apple.product-type.bundle.ui-testing";
		};
/* End PBXNativeTarget section */

/* Begin PBXProject section */
		840DB05820B7580800A4AD84 /* Project object */ = {
			isa = PBXProject;
			attributes = {
				LastSwiftUpdateCheck = 0930;
				LastUpgradeCheck = 0930;
				ORGANIZATIONNAME = iwebsapp;
				TargetAttributes = {
					840DB05F20B7580800A4AD84 = {
						CreatedOnToolsVersion = 9.3.1;
					};
					840DB07320B7581000A4AD84 = {
						CreatedOnToolsVersion = 9.3.1;
						TestTargetID = 840DB05F20B7580800A4AD84;
					};
					840DB07E20B7581000A4AD84 = {
						CreatedOnToolsVersion = 9.3.1;
						TestTargetID = 840DB05F20B7580800A4AD84;
					};
				};
			};
			buildConfigurationList = 840DB05B20B7580800A4AD84 /* Build configuration list for PBXProject "school" */;
			compatibilityVersion = "Xcode 9.3";
			developmentRegion = en;
			hasScannedForEncodings = 0;
			knownRegions = (
				en,
				Base,
			);
			mainGroup = 840DB05720B7580800A4AD84;
			productRefGroup = 840DB06120B7580800A4AD84 /* Products */;
			projectDirPath = "";
			projectRoot = "";
			targets = (
				840DB05F20B7580800A4AD84 /* school */,
				840DB07320B7581000A4AD84 /* schoolTests */,
				840DB07E20B7581000A4AD84 /* schoolUITests */,
			);
		};
/* End PBXProject section */

/* Begin PBXResourcesBuildPhase section */
		840DB05E20B7580800A4AD84 /* Resources */ = {
			isa = PBXResourcesBuildPhase;
			buildActionMask = 2147483647;
			files = (
				840DB06E20B7581000A4AD84 /* LaunchScreen.storyboard in Resources */,
				840DB06B20B7581000A4AD84 /* Assets.xcassets in Resources */,
				840DB06920B7580800A4AD84 /* Main.storyboard in Resources */,
			);
			runOnlyForDeploymentPostprocessing = 0;
		};
		840DB07220B7581000A4AD84 /* Resources */ = {
			isa = PBXResourcesBuildPhase;
			buildActionMask = 2147483647;
			files = (
			);
			runOnlyForDeploymentPostprocessing = 0;
		};
		840DB07D20B7581000A4AD84 /* Resources */ = {
			isa = PBXResourcesBuildPhase;
			buildActionMask = 2147483647;
			files = (
			);
			runOnlyForDeploymentPostprocessing = 0;
		};
/* End PBXResourcesBuildPhase section */

/* Begin PBXShellScriptBuildPhase section */
		17A0EA2CE50BDEB36435811A /* [CP] Embed Pods Frameworks */ = {
			isa = PBXShellScriptBuildPhase;
			buildActionMask = 2147483647;
			files = (
			);
			inputPaths = (
				"${SRCROOT}/Pods/Target Support Files/Pods-school/Pods-school-frameworks.sh",
				"${BUILT_PRODUCTS_DIR}/Bolts/Bolts.framework",
				"${BUILT_PRODUCTS_DIR}/BoringSSL/openssl.framework",
				"${BUILT_PRODUCTS_DIR}/FBSDKCoreKit/FBSDKCoreKit.framework",
				"${BUILT_PRODUCTS_DIR}/FBSDKLoginKit/FBSDKLoginKit.framework",
				"${BUILT_PRODUCTS_DIR}/FBSDKShareKit/FBSDKShareKit.framework",
				"${BUILT_PRODUCTS_DIR}/FacebookCore/FacebookCore.framework",
				"${BUILT_PRODUCTS_DIR}/FacebookLogin/FacebookLogin.framework",
				"${BUILT_PRODUCTS_DIR}/FacebookShare/FacebookShare.framework",
				"${BUILT_PRODUCTS_DIR}/GTMOAuth2/GTMOAuth2.framework",
				"${BUILT_PRODUCTS_DIR}/GTMSessionFetcher/GTMSessionFetcher.framework",
				"${BUILT_PRODUCTS_DIR}/GoogleToolboxForMac/GoogleToolboxForMac.framework",
				"${BUILT_PRODUCTS_DIR}/Protobuf/Protobuf.framework",
				"${BUILT_PRODUCTS_DIR}/RevealingSplashView/RevealingSplashView.framework",
				"${BUILT_PRODUCTS_DIR}/SDWebImage/SDWebImage.framework",
				"${BUILT_PRODUCTS_DIR}/gRPC/GRPCClient.framework",
				"${BUILT_PRODUCTS_DIR}/gRPC-Core/grpc.framework",
				"${BUILT_PRODUCTS_DIR}/gRPC-ProtoRPC/ProtoRPC.framework",
				"${BUILT_PRODUCTS_DIR}/gRPC-RxLibrary/RxLibrary.framework",
				"${BUILT_PRODUCTS_DIR}/leveldb-library/leveldb.framework",
				"${BUILT_PRODUCTS_DIR}/lottie-ios/Lottie.framework",
				"${BUILT_PRODUCTS_DIR}/nanopb/nanopb.framework",
			);
			name = "[CP] Embed Pods Frameworks";
			outputPaths = (
				"${TARGET_BUILD_DIR}/${FRAMEWORKS_FOLDER_PATH}/Bolts.framework",
				"${TARGET_BUILD_DIR}/${FRAMEWORKS_FOLDER_PATH}/openssl.framework",
				"${TARGET_BUILD_DIR}/${FRAMEWORKS_FOLDER_PATH}/FBSDKCoreKit.framework",
				"${TARGET_BUILD_DIR}/${FRAMEWORKS_FOLDER_PATH}/FBSDKLoginKit.framework",
				"${TARGET_BUILD_DIR}/${FRAMEWORKS_FOLDER_PATH}/FBSDKShareKit.framework",
				"${TARGET_BUILD_DIR}/${FRAMEWORKS_FOLDER_PATH}/FacebookCore.framework",
				"${TARGET_BUILD_DIR}/${FRAMEWORKS_FOLDER_PATH}/FacebookLogin.framework",
				"${TARGET_BUILD_DIR}/${FRAMEWORKS_FOLDER_PATH}/FacebookShare.framework",
				"${TARGET_BUILD_DIR}/${FRAMEWORKS_FOLDER_PATH}/GTMOAuth2.framework",
				"${TARGET_BUILD_DIR}/${FRAMEWORKS_FOLDER_PATH}/GTMSessionFetcher.framework",
				"${TARGET_BUILD_DIR}/${FRAMEWORKS_FOLDER_PATH}/GoogleToolboxForMac.framework",
				"${TARGET_BUILD_DIR}/${FRAMEWORKS_FOLDER_PATH}/Protobuf.framework",
				"${TARGET_BUILD_DIR}/${FRAMEWORKS_FOLDER_PATH}/RevealingSplashView.framework",
				"${TARGET_BUILD_DIR}/${FRAMEWORKS_FOLDER_PATH}/SDWebImage.framework",
				"${TARGET_BUILD_DIR}/${FRAMEWORKS_FOLDER_PATH}/GRPCClient.framework",
				"${TARGET_BUILD_DIR}/${FRAMEWORKS_FOLDER_PATH}/grpc.framework",
				"${TARGET_BUILD_DIR}/${FRAMEWORKS_FOLDER_PATH}/ProtoRPC.framework",
				"${TARGET_BUILD_DIR}/${FRAMEWORKS_FOLDER_PATH}/RxLibrary.framework",
				"${TARGET_BUILD_DIR}/${FRAMEWORKS_FOLDER_PATH}/leveldb.framework",
				"${TARGET_BUILD_DIR}/${FRAMEWORKS_FOLDER_PATH}/Lottie.framework",
				"${TARGET_BUILD_DIR}/${FRAMEWORKS_FOLDER_PATH}/nanopb.framework",
			);
			runOnlyForDeploymentPostprocessing = 0;
			shellPath = /bin/sh;
			shellScript = "\"${SRCROOT}/Pods/Target Support Files/Pods-school/Pods-school-frameworks.sh\"\n";
			showEnvVarsInLog = 0;
		};
		2EDE14FD296B737C853CFFB5 /* [CP] Check Pods Manifest.lock */ = {
			isa = PBXShellScriptBuildPhase;
			buildActionMask = 2147483647;
			files = (
			);
			inputPaths = (
				"${PODS_PODFILE_DIR_PATH}/Podfile.lock",
				"${PODS_ROOT}/Manifest.lock",
			);
			name = "[CP] Check Pods Manifest.lock";
			outputPaths = (
				"$(DERIVED_FILE_DIR)/Pods-schoolTests-checkManifestLockResult.txt",
			);
			runOnlyForDeploymentPostprocessing = 0;
			shellPath = /bin/sh;
			shellScript = "diff \"${PODS_PODFILE_DIR_PATH}/Podfile.lock\" \"${PODS_ROOT}/Manifest.lock\" > /dev/null\nif [ $? != 0 ] ; then\n    # print error to STDERR\n    echo \"error: The sandbox is not in sync with the Podfile.lock. Run 'pod install' or update your CocoaPods installation.\" >&2\n    exit 1\nfi\n# This output is used by Xcode 'outputs' to avoid re-running this script phase.\necho \"SUCCESS\" > \"${SCRIPT_OUTPUT_FILE_0}\"\n";
			showEnvVarsInLog = 0;
		};
		4F0EA8BC83C9C2B215457CB9 /* [CP] Copy Pods Resources */ = {
			isa = PBXShellScriptBuildPhase;
			buildActionMask = 2147483647;
			files = (
			);
			inputPaths = (
				"${SRCROOT}/Pods/Target Support Files/Pods-school/Pods-school-resources.sh",
				"${PODS_ROOT}/GoogleSignIn/Resources/GoogleSignIn.bundle",
			);
			name = "[CP] Copy Pods Resources";
			outputPaths = (
				"${TARGET_BUILD_DIR}/${UNLOCALIZED_RESOURCES_FOLDER_PATH}/GoogleSignIn.bundle",
			);
			runOnlyForDeploymentPostprocessing = 0;
			shellPath = /bin/sh;
			shellScript = "\"${SRCROOT}/Pods/Target Support Files/Pods-school/Pods-school-resources.sh\"\n";
			showEnvVarsInLog = 0;
		};
		5EF0DB691D999D59286AC300 /* [CP] Check Pods Manifest.lock */ = {
			isa = PBXShellScriptBuildPhase;
			buildActionMask = 2147483647;
			files = (
			);
			inputPaths = (
				"${PODS_PODFILE_DIR_PATH}/Podfile.lock",
				"${PODS_ROOT}/Manifest.lock",
			);
			name = "[CP] Check Pods Manifest.lock";
			outputPaths = (
				"$(DERIVED_FILE_DIR)/Pods-schoolUITests-checkManifestLockResult.txt",
			);
			runOnlyForDeploymentPostprocessing = 0;
			shellPath = /bin/sh;
			shellScript = "diff \"${PODS_PODFILE_DIR_PATH}/Podfile.lock\" \"${PODS_ROOT}/Manifest.lock\" > /dev/null\nif [ $? != 0 ] ; then\n    # print error to STDERR\n    echo \"error: The sandbox is not in sync with the Podfile.lock. Run 'pod install' or update your CocoaPods installation.\" >&2\n    exit 1\nfi\n# This output is used by Xcode 'outputs' to avoid re-running this script phase.\necho \"SUCCESS\" > \"${SCRIPT_OUTPUT_FILE_0}\"\n";
			showEnvVarsInLog = 0;
		};
		C9C787A5760B9A8CE6E2E796 /* [CP] Check Pods Manifest.lock */ = {
			isa = PBXShellScriptBuildPhase;
			buildActionMask = 2147483647;
			files = (
			);
			inputPaths = (
				"${PODS_PODFILE_DIR_PATH}/Podfile.lock",
				"${PODS_ROOT}/Manifest.lock",
			);
			name = "[CP] Check Pods Manifest.lock";
			outputPaths = (
				"$(DERIVED_FILE_DIR)/Pods-school-checkManifestLockResult.txt",
			);
			runOnlyForDeploymentPostprocessing = 0;
			shellPath = /bin/sh;
			shellScript = "diff \"${PODS_PODFILE_DIR_PATH}/Podfile.lock\" \"${PODS_ROOT}/Manifest.lock\" > /dev/null\nif [ $? != 0 ] ; then\n    # print error to STDERR\n    echo \"error: The sandbox is not in sync with the Podfile.lock. Run 'pod install' or update your CocoaPods installation.\" >&2\n    exit 1\nfi\n# This output is used by Xcode 'outputs' to avoid re-running this script phase.\necho \"SUCCESS\" > \"${SCRIPT_OUTPUT_FILE_0}\"\n";
			showEnvVarsInLog = 0;
		};
/* End PBXShellScriptBuildPhase section */

/* Begin PBXSourcesBuildPhase section */
		840DB05C20B7580800A4AD84 /* Sources */ = {
			isa = PBXSourcesBuildPhase;
			buildActionMask = 2147483647;
			files = (
				840DB06620B7580800A4AD84 /* ViewController.swift in Sources */,
				840DB06420B7580800A4AD84 /* AppDelegate.swift in Sources */,
			);
			runOnlyForDeploymentPostprocessing = 0;
		};
		840DB07020B7581000A4AD84 /* Sources */ = {
			isa = PBXSourcesBuildPhase;
			buildActionMask = 2147483647;
			files = (
				840DB07920B7581000A4AD84 /* schoolTests.swift in Sources */,
			);
			runOnlyForDeploymentPostprocessing = 0;
		};
		840DB07B20B7581000A4AD84 /* Sources */ = {
			isa = PBXSourcesBuildPhase;
			buildActionMask = 2147483647;
			files = (
				840DB08420B7581000A4AD84 /* schoolUITests.swift in Sources */,
			);
			runOnlyForDeploymentPostprocessing = 0;
		};
/* End PBXSourcesBuildPhase section */

/* Begin PBXTargetDependency section */
		840DB07620B7581000A4AD84 /* PBXTargetDependency */ = {
			isa = PBXTargetDependency;
			target = 840DB05F20B7580800A4AD84 /* school */;
			targetProxy = 840DB07520B7581000A4AD84 /* PBXContainerItemProxy */;
		};
		840DB08120B7581000A4AD84 /* PBXTargetDependency */ = {
			isa = PBXTargetDependency;
			target = 840DB05F20B7580800A4AD84 /* school */;
			targetProxy = 840DB08020B7581000A4AD84 /* PBXContainerItemProxy */;
		};
/* End PBXTargetDependency section */

/* Begin PBXVariantGroup section */
		840DB06720B7580800A4AD84 /* Main.storyboard */ = {
			isa = PBXVariantGroup;
			children = (
				840DB06820B7580800A4AD84 /* Base */,
			);
			name = Main.storyboard;
			sourceTree = "<group>";
		};
		840DB06C20B7581000A4AD84 /* LaunchScreen.storyboard */ = {
			isa = PBXVariantGroup;
			children = (
				840DB06D20B7581000A4AD84 /* Base */,
			);
			name = LaunchScreen.storyboard;
			sourceTree = "<group>";
		};
/* End PBXVariantGroup section */

/* Begin XCBuildConfiguration section */
		840DB08620B7581000A4AD84 /* Debug */ = {
			isa = XCBuildConfiguration;
			buildSettings = {
				ALWAYS_SEARCH_USER_PATHS = NO;
				CLANG_ANALYZER_NONNULL = YES;
				CLANG_ANALYZER_NUMBER_OBJECT_CONVERSION = YES_AGGRESSIVE;
				CLANG_CXX_LANGUAGE_STANDARD = "gnu++14";
				CLANG_CXX_LIBRARY = "libc++";
				CLANG_ENABLE_MODULES = YES;
				CLANG_ENABLE_OBJC_ARC = YES;
				CLANG_ENABLE_OBJC_WEAK = YES;
				CLANG_WARN_BLOCK_CAPTURE_AUTORELEASING = YES;
				CLANG_WARN_BOOL_CONVERSION = YES;
				CLANG_WARN_COMMA = YES;
				CLANG_WARN_CONSTANT_CONVERSION = YES;
				CLANG_WARN_DEPRECATED_OBJC_IMPLEMENTATIONS = YES;
				CLANG_WARN_DIRECT_OBJC_ISA_USAGE = YES_ERROR;
				CLANG_WARN_DOCUMENTATION_COMMENTS = YES;
				CLANG_WARN_EMPTY_BODY = YES;
				CLANG_WARN_ENUM_CONVERSION = YES;
				CLANG_WARN_INFINITE_RECURSION = YES;
				CLANG_WARN_INT_CONVERSION = YES;
				CLANG_WARN_NON_LITERAL_NULL_CONVERSION = YES;
				CLANG_WARN_OBJC_IMPLICIT_RETAIN_SELF = YES;
				CLANG_WARN_OBJC_LITERAL_CONVERSION = YES;
				CLANG_WARN_OBJC_ROOT_CLASS = YES_ERROR;
				CLANG_WARN_RANGE_LOOP_ANALYSIS = YES;
				CLANG_WARN_STRICT_PROTOTYPES = YES;
				CLANG_WARN_SUSPICIOUS_MOVE = YES;
				CLANG_WARN_UNGUARDED_AVAILABILITY = YES_AGGRESSIVE;
				CLANG_WARN_UNREACHABLE_CODE = YES;
				CLANG_WARN__DUPLICATE_METHOD_MATCH = YES;
				CODE_SIGN_IDENTITY = "iPhone Developer";
				COPY_PHASE_STRIP = NO;
				DEBUG_INFORMATION_FORMAT = dwarf;
				ENABLE_STRICT_OBJC_MSGSEND = YES;
				ENABLE_TESTABILITY = YES;
				GCC_C_LANGUAGE_STANDARD = gnu11;
				GCC_DYNAMIC_NO_PIC = NO;
				GCC_NO_COMMON_BLOCKS = YES;
				GCC_OPTIMIZATION_LEVEL = 0;
				GCC_PREPROCESSOR_DEFINITIONS = (
					"DEBUG=1",
					"$(inherited)",
				);
				GCC_WARN_64_TO_32_BIT_CONVERSION = YES;
				GCC_WARN_ABOUT_RETURN_TYPE = YES_ERROR;
				GCC_WARN_UNDECLARED_SELECTOR = YES;
				GCC_WARN_UNINITIALIZED_AUTOS = YES_AGGRESSIVE;
				GCC_WARN_UNUSED_FUNCTION = YES;
				GCC_WARN_UNUSED_VARIABLE = YES;
				IPHONEOS_DEPLOYMENT_TARGET = 11.3;
				MTL_ENABLE_DEBUG_INFO = YES;
				ONLY_ACTIVE_ARCH = YES;
				SDKROOT = iphoneos;
				SWIFT_ACTIVE_COMPILATION_CONDITIONS = DEBUG;
				SWIFT_OPTIMIZATION_LEVEL = "-Onone";
			};
			name = Debug;
		};
		840DB08720B7581000A4AD84 /* Release */ = {
			isa = XCBuildConfiguration;
			buildSettings = {
				ALWAYS_SEARCH_USER_PATHS = NO;
				CLANG_ANALYZER_NONNULL = YES;
				CLANG_ANALYZER_NUMBER_OBJECT_CONVERSION = YES_AGGRESSIVE;
				CLANG_CXX_LANGUAGE_STANDARD = "gnu++14";
				CLANG_CXX_LIBRARY = "libc++";
				CLANG_ENABLE_MODULES = YES;
				CLANG_ENABLE_OBJC_ARC = YES;
				CLANG_ENABLE_OBJC_WEAK = YES;
				CLANG_WARN_BLOCK_CAPTURE_AUTORELEASING = YES;
				CLANG_WARN_BOOL_CONVERSION = YES;
				CLANG_WARN_COMMA = YES;
				CLANG_WARN_CONSTANT_CONVERSION = YES;
				CLANG_WARN_DEPRECATED_OBJC_IMPLEMENTATIONS = YES;
				CLANG_WARN_DIRECT_OBJC_ISA_USAGE = YES_ERROR;
				CLANG_WARN_DOCUMENTATION_COMMENTS = YES;
				CLANG_WARN_EMPTY_BODY = YES;
				CLANG_WARN_ENUM_CONVERSION = YES;
				CLANG_WARN_INFINITE_RECURSION = YES;
				CLANG_WARN_INT_CONVERSION = YES;
				CLANG_WARN_NON_LITERAL_NULL_CONVERSION = YES;
				CLANG_WARN_OBJC_IMPLICIT_RETAIN_SELF = YES;
				CLANG_WARN_OBJC_LITERAL_CONVERSION = YES;
				CLANG_WARN_OBJC_ROOT_CLASS = YES_ERROR;
				CLANG_WARN_RANGE_LOOP_ANALYSIS = YES;
				CLANG_WARN_STRICT_PROTOTYPES = YES;
				CLANG_WARN_SUSPICIOUS_MOVE = YES;
				CLANG_WARN_UNGUARDED_AVAILABILITY = YES_AGGRESSIVE;
				CLANG_WARN_UNREACHABLE_CODE = YES;
				CLANG_WARN__DUPLICATE_METHOD_MATCH = YES;
				CODE_SIGN_IDENTITY = "iPhone Developer";
				COPY_PHASE_STRIP = NO;
				DEBUG_INFORMATION_FORMAT = "dwarf-with-dsym";
				ENABLE_NS_ASSERTIONS = NO;
				ENABLE_STRICT_OBJC_MSGSEND = YES;
				GCC_C_LANGUAGE_STANDARD = gnu11;
				GCC_NO_COMMON_BLOCKS = YES;
				GCC_WARN_64_TO_32_BIT_CONVERSION = YES;
				GCC_WARN_ABOUT_RETURN_TYPE = YES_ERROR;
				GCC_WARN_UNDECLARED_SELECTOR = YES;
				GCC_WARN_UNINITIALIZED_AUTOS = YES_AGGRESSIVE;
				GCC_WARN_UNUSED_FUNCTION = YES;
				GCC_WARN_UNUSED_VARIABLE = YES;
				IPHONEOS_DEPLOYMENT_TARGET = 11.3;
				MTL_ENABLE_DEBUG_INFO = NO;
				SDKROOT = iphoneos;
				SWIFT_COMPILATION_MODE = wholemodule;
				SWIFT_OPTIMIZATION_LEVEL = "-O";
				VALIDATE_PRODUCT = YES;
			};
			name = Release;
		};
		840DB08920B7581000A4AD84 /* Debug */ = {
			isa = XCBuildConfiguration;
			baseConfigurationReference = 1C2F08CA189167BF6C4E24A9 /* Pods-school.debug.xcconfig */;
			buildSettings = {
				ASSETCATALOG_COMPILER_APPICON_NAME = AppIcon;
				CODE_SIGN_STYLE = Automatic;
				DEVELOPMENT_TEAM = Y99AD5GLT5;
				INFOPLIST_FILE = school/Info.plist;
				IPHONEOS_DEPLOYMENT_TARGET = 9.0;
				LD_RUNPATH_SEARCH_PATHS = "$(inherited) @executable_path/Frameworks";
				PRODUCT_BUNDLE_IDENTIFIER = com.iwebsapp.school;
				PRODUCT_NAME = "$(TARGET_NAME)";
				SWIFT_VERSION = 4.0;
				TARGETED_DEVICE_FAMILY = "1,2";
			};
			name = Debug;
		};
		840DB08A20B7581000A4AD84 /* Release */ = {
			isa = XCBuildConfiguration;
			baseConfigurationReference = 8408F12C71F352BBCE65EF8E /* Pods-school.release.xcconfig */;
			buildSettings = {
				ASSETCATALOG_COMPILER_APPICON_NAME = AppIcon;
				CODE_SIGN_STYLE = Automatic;
				DEVELOPMENT_TEAM = Y99AD5GLT5;
				INFOPLIST_FILE = school/Info.plist;
				IPHONEOS_DEPLOYMENT_TARGET = 9.0;
				LD_RUNPATH_SEARCH_PATHS = "$(inherited) @executable_path/Frameworks";
				PRODUCT_BUNDLE_IDENTIFIER = com.iwebsapp.school;
				PRODUCT_NAME = "$(TARGET_NAME)";
				SWIFT_VERSION = 4.0;
				TARGETED_DEVICE_FAMILY = "1,2";
			};
			name = Release;
		};
		840DB08C20B7581000A4AD84 /* Debug */ = {
			isa = XCBuildConfiguration;
			baseConfigurationReference = 2CD1C1E94D59511D4D210234 /* Pods-schoolTests.debug.xcconfig */;
			buildSettings = {
				ALWAYS_EMBED_SWIFT_STANDARD_LIBRARIES = YES;
				BUNDLE_LOADER = "$(TEST_HOST)";
				CODE_SIGN_STYLE = Automatic;
				DEVELOPMENT_TEAM = Y99AD5GLT5;
				INFOPLIST_FILE = schoolTests/Info.plist;
				LD_RUNPATH_SEARCH_PATHS = "$(inherited) @executable_path/Frameworks @loader_path/Frameworks";
				PRODUCT_BUNDLE_IDENTIFIER = com.iwebsapp.schoolTests;
				PRODUCT_NAME = "$(TARGET_NAME)";
				SWIFT_VERSION = 4.0;
				TARGETED_DEVICE_FAMILY = "1,2";
				TEST_HOST = "$(BUILT_PRODUCTS_DIR)/school.app/school";
			};
			name = Debug;
		};
		840DB08D20B7581000A4AD84 /* Release */ = {
			isa = XCBuildConfiguration;
			baseConfigurationReference = B309016DC838C0F18431BC49 /* Pods-schoolTests.release.xcconfig */;
			buildSettings = {
				ALWAYS_EMBED_SWIFT_STANDARD_LIBRARIES = YES;
				BUNDLE_LOADER = "$(TEST_HOST)";
				CODE_SIGN_STYLE = Automatic;
				DEVELOPMENT_TEAM = Y99AD5GLT5;
				INFOPLIST_FILE = schoolTests/Info.plist;
				LD_RUNPATH_SEARCH_PATHS = "$(inherited) @executable_path/Frameworks @loader_path/Frameworks";
				PRODUCT_BUNDLE_IDENTIFIER = com.iwebsapp.schoolTests;
				PRODUCT_NAME = "$(TARGET_NAME)";
				SWIFT_VERSION = 4.0;
				TARGETED_DEVICE_FAMILY = "1,2";
				TEST_HOST = "$(BUILT_PRODUCTS_DIR)/school.app/school";
			};
			name = Release;
		};
		840DB08F20B7581000A4AD84 /* Debug */ = {
			isa = XCBuildConfiguration;
			baseConfigurationReference = F3FE26F27A6DA95711E25A0C /* Pods-schoolUITests.debug.xcconfig */;
			buildSettings = {
				ALWAYS_EMBED_SWIFT_STANDARD_LIBRARIES = YES;
				CODE_SIGN_STYLE = Automatic;
				DEVELOPMENT_TEAM = Y99AD5GLT5;
				INFOPLIST_FILE = schoolUITests/Info.plist;
				LD_RUNPATH_SEARCH_PATHS = "$(inherited) @executable_path/Frameworks @loader_path/Frameworks";
				PRODUCT_BUNDLE_IDENTIFIER = com.iwebsapp.schoolUITests;
				PRODUCT_NAME = "$(TARGET_NAME)";
				SWIFT_VERSION = 4.0;
				TARGETED_DEVICE_FAMILY = "1,2";
				TEST_TARGET_NAME = school;
			};
			name = Debug;
		};
		840DB09020B7581000A4AD84 /* Release */ = {
			isa = XCBuildConfiguration;
			baseConfigurationReference = 8847D817B0651B42A4E1CBBF /* Pods-schoolUITests.release.xcconfig */;
			buildSettings = {
				ALWAYS_EMBED_SWIFT_STANDARD_LIBRARIES = YES;
				CODE_SIGN_STYLE = Automatic;
				DEVELOPMENT_TEAM = Y99AD5GLT5;
				INFOPLIST_FILE = schoolUITests/Info.plist;
				LD_RUNPATH_SEARCH_PATHS = "$(inherited) @executable_path/Frameworks @loader_path/Frameworks";
				PRODUCT_BUNDLE_IDENTIFIER = com.iwebsapp.schoolUITests;
				PRODUCT_NAME = "$(TARGET_NAME)";
				SWIFT_VERSION = 4.0;
				TARGETED_DEVICE_FAMILY = "1,2";
				TEST_TARGET_NAME = school;
			};
			name = Release;
		};
/* End XCBuildConfiguration section */

/* Begin XCConfigurationList section */
		840DB05B20B7580800A4AD84 /* Build configuration list for PBXProject "school" */ = {
			isa = XCConfigurationList;
			buildConfigurations = (
				840DB08620B7581000A4AD84 /* Debug */,
				840DB08720B7581000A4AD84 /* Release */,
			);
			defaultConfigurationIsVisible = 0;
			defaultConfigurationName = Release;
		};
		840DB08820B7581000A4AD84 /* Build configuration list for PBXNativeTarget "school" */ = {
			isa = XCConfigurationList;
			buildConfigurations = (
				840DB08920B7581000A4AD84 /* Debug */,
				840DB08A20B7581000A4AD84 /* Release */,
			);
			defaultConfigurationIsVisible = 0;
			defaultConfigurationName = Release;
		};
		840DB08B20B7581000A4AD84 /* Build configuration list for PBXNativeTarget "schoolTests" */ = {
			isa = XCConfigurationList;
			buildConfigurations = (
				840DB08C20B7581000A4AD84 /* Debug */,
				840DB08D20B7581000A4AD84 /* Release */,
			);
			defaultConfigurationIsVisible = 0;
			defaultConfigurationName = Release;
		};
		840DB08E20B7581000A4AD84 /* Build configuration list for PBXNativeTarget "schoolUITests" */ = {
			isa = XCConfigurationList;
			buildConfigurations = (
				840DB08F20B7581000A4AD84 /* Debug */,
				840DB09020B7581000A4AD84 /* Release */,
			);
			defaultConfigurationIsVisible = 0;
			defaultConfigurationName = Release;
		};
/* End XCConfigurationList section */
	};
	rootObject = 840DB05820B7580800A4AD84 /* Project object */;
}
